{
  "nodes": {
    "crane": {
      "locked": {
        "lastModified": 1781825982,
        "narHash": "sha256-SlXKwIRIhrOSAcTjCB3ftPLzJWZStQIPS7J1FlZPnKk=",
        "owner": "ipetkov",
        "repo": "crane",
        "rev": "469fd08d0bcf6926321fa973c6777fbc87785dd7",
        "type": "github"
      },
      "original": {
        "owner": "ipetkov",
        "repo": "crane",
        "type": "github"
      }
    },
    "crane_2": {
      "locked": {
        "lastModified": 1788465171,
        "narHash": "sha256-Y1/TTVXjYXGF068IThQH9fPSZ0SIE74PABlUxnWTUH0=",
        "owner": "ipetkov",
        "repo": "crane",
        "rev": "eb35abda9f232cc6610b1d1e3200d15c49b7ac54",
        "type": "github"
      },
      "original": {
        "owner": "ipetkov",
        "repo": "crane",
        "type": "github"
      }
    },
    "disko": {
      "inputs": {
        "nixpkgs": [
          "nixpkgs"
        ]
      },
      "locked": {
        "lastModified": 1781152676,
        "narHash": "sha256-RxWs5ND31KzTG7wvMM+PMfUjyNpmIEr999lqNARaM5o=",
        "owner": "nix-community",
        "repo": "disko",
        "rev": "ff8702b4de27f72b4c78573dfb89ec74e36abdf1",
        "type": "github"
      },
      "original": {
        "owner": "nix-community",
        "repo": "disko",
        "type": "github"
      }
    },
    "flake-compat": {
      "flake": false,
      "locked": {
        "lastModified": 1767039857,
        "narHash": "sha256-vNpUSpF5Nuw8xvDLj2KCwwksIbjua2LZCqhV1LNRDns=",
        "owner": "NixOS",
        "repo": "flake-compat",
        "rev": "5edf11c44bc78a0d334f6334cdaf7d60d732daab",
        "type": "github"
      },
      "original": {
        "owner": "NixOS",
        "repo": "flake-compat",
        "type": "github"
      }
    },
    "flake-parts": {
      "inputs": {
        "nixpkgs-lib": "nixpkgs-lib"
      },
      "locked": {
        "lastModified": 1788450739,
        "narHash": "sha256-glZLQlzIn1fXH6PazR2iUmTo7kzzyYSshrWhLS9TqCU=",
        "owner": "hercules-ci",
        "repo": "flake-parts",
        "rev": "31729ca8cbdb4fa927b34e5f4353e6a83f39e993",
        "type": "github"
      },
      "original": {
        "owner": "hercules-ci",
        "repo": "flake-parts",
        "type": "github"
      }
    },
    "flake-parts_2": {
      "inputs": {
        "nixpkgs-lib": "nixpkgs-lib_2"
      },
      "locked": {
        "lastModified": 1788450739,
        "narHash": "sha256-glZLQlzIn1fXH6PazR2iUmTo7kzzyYSshrWhLS9TqCU=",
        "owner": "hercules-ci",
        "repo": "flake-parts",
        "rev": "31729ca8cbdb4fa927b34e5f4353e6a83f39e993",
        "type": "github"
      },
      "original": {
        "owner": "hercules-ci",
        "repo": "flake-parts",
        "type": "github"
      }
    },
    "flake-utils": {
      "inputs": {
        "systems": "systems_2"
      },
      "locked": {
        "lastModified": 1731533236,
        "narHash": "sha256-l0KFg5HjrsfsO/JpG+r7fRrqm12kzFHyUHqHCVpMMbI=",
        "owner": "numtide",
        "repo": "flake-utils",
        "rev": "11707dc2f618dd54ca8739b309ec4fc024de578b",
        "type": "github"
      },
      "original": {
        "owner": "numtide",
        "repo": "flake-utils",
        "type": "github"
      }
    },
    "gitignore": {
      "inputs": {
        "nixpkgs": [
          "lanzaboote",
          "pre-commit",
          "nixpkgs"
        ]
      },
      "locked": {
        "lastModified": 1709087332,
        "narHash": "sha256-HG2cCnktfHsKV0s4XW83gU3F57gaTljL9KNSuG6bnQs=",
        "owner": "hercules-ci",
        "repo": "gitignore.nix",
        "rev": "637db329424fd7e46cf4185293b9cc8c88c95394",
        "type": "github"
      },
      "original": {
        "owner": "hercules-ci",
        "repo": "gitignore.nix",
        "type": "github"
      }
    },
    "home-manager": {
      "inputs": {
        "nixpkgs": [
          "nixpkgs"
        ]
      },
      "locked": {
        "lastModified": 1789099078,
        "narHash": "sha256-zzHj2wl69724lzx7DLAVziWbL75wRIk+xJ3duD0Bgrc=",
        "owner": "nix-community",
        "repo": "home-manager",
        "rev": "f10b3f2ad4aae9259617a1ff518cc921e3394228",
        "type": "github"
      },
      "original": {
        "owner": "nix-community",
        "repo": "home-manager",
        "type": "github"
      }
    },
    "ixx": {
      "inputs": {
        "flake-utils": [
          "nuschtos-search",
          "flake-utils"
        ],
        "nixpkgs": [
          "nuschtos-search",
          "nixpkgs"
        ]
      },
      "locked": {
        "lastModified": 1781955583,
        "narHash": "sha256-qJjGESnkXp1No6QyI9BjtEHstwtZE8zqLuIBwxE1ugI=",
        "owner": "NuschtOS",
        "repo": "ixx",
        "rev": "86a7f2126da859b62d68378e90a052655fa8da01",
        "type": "github"
      },
      "original": {
        "owner": "NuschtOS",
        "ref": "v0.2.3",
        "repo": "ixx",
        "type": "github"
      }
    },
    "lanzaboote": {
      "inputs": {
        "crane": "crane",
        "nixpkgs": [
          "nixpkgs"
        ],
        "pre-commit": "pre-commit",
        "rust-overlay": "rust-overlay"
      },
      "locked": {
        "lastModified": 1782141370,
        "narHash": "sha256-hqijVSEETttmo8Okql9/LG0Ua34hdciKW1a5zzlj8mU=",
        "owner": "nix-community",
        "repo": "lanzaboote",
        "rev": "7c9a54a7f87b4539ddbd8bda09a8a5f5f9361aa9",
        "type": "github"
      },
      "original": {
        "owner": "nix-community",
        "ref": "v1.1.0",
        "repo": "lanzaboote",
        "type": "github"
      }
    },
    "linquebot_rs": {
      "inputs": {
        "crane": "crane_2",
        "flake-parts": "flake-parts_2",
        "nixpkgs": [
          "nixpkgs"
        ],
        "rust-overlay": "rust-overlay_2",
        "systems": "systems"
      },
      "locked": {
        "lastModified": 1789215995,
        "narHash": "sha256-I1a3tMRlupI97MGSqw5xxLozHjw9GNRDbM+vudJ+Ids=",
        "owner": "Lhcfl",
        "repo": "Linquebot_rs",
        "rev": "303eb4eeda2550151eaf4b828eaf3545413b1943",
        "type": "github"
      },
      "original": {
        "owner": "Lhcfl",
        "repo": "Linquebot_rs",
        "type": "github"
      }
    },
    "misskey-media-proxy": {
      "inputs": {
        "flake-parts": [
          "flake-parts"
        ],
        "nixpkgs": [
          "nixpkgs"
        ]
      },
      "locked": {
        "lastModified": 1789156718,
        "narHash": "sha256-HH+Nke1Fa6CZ0aCOnhO2e7vBzCS7KhrOlSjDE2zs5MI=",
        "owner": "Lhcfl",
        "repo": "media-proxy",
        "rev": "c5f56ff7b656cc0340164128fa683807cd5bc401",
        "type": "github"
      },
      "original": {
        "owner": "Lhcfl",
        "repo": "media-proxy",
        "type": "github"
      }
    },
    "nix-index-database": {
      "inputs": {
        "nixpkgs": [
          "nixpkgs"
        ]
      },
      "locked": {
        "lastModified": 1788680125,
        "narHash": "sha256-amGSoDobwmp4CFvCn841ws2iuitus+HUJdD/gKgsrJA=",
        "owner": "nix-community",
        "repo": "nix-index-database",
        "rev": "116ad1c2adb642405ef8916f6a94c8626f971344",
        "type": "github"
      },
      "original": {
        "owner": "nix-community",
        "repo": "nix-index-database",
        "type": "github"
      }
    },
    "nix-index-database_2": {
      "inputs": {
        "nixpkgs": [
          "nuschtos-search",
          "nixpkgs"
        ]
      },
      "locked": {
        "lastModified": 1788680125,
        "narHash": "sha256-amGSoDobwmp4CFvCn841ws2iuitus+HUJdD/gKgsrJA=",
        "owner": "Mic92",
        "repo": "nix-index-database",
        "rev": "116ad1c2adb642405ef8916f6a94c8626f971344",
        "type": "github"
      },
      "original": {
        "owner": "Mic92",
        "repo": "nix-index-database",
        "type": "github"
      }
    },
    "nix-kdl": {
      "locked": {
        "lastModified": 1788764683,
        "narHash": "sha256-oO5FvEOKmMizu9ZNRR6gBu7VMeQ8stT0aF5654ONETc=",
        "owner": "Lhcfl",
        "repo": "nix-kdl",
        "rev": "a0016adcf0e4a373962c92f87e6ff5398c283cf2",
        "type": "github"
      },
      "original": {
        "owner": "Lhcfl",
        "repo": "nix-kdl",
        "type": "github"
      }
    },
    "nixpkgs": {
      "locked": {
        "lastModified": 1789006805,
        "narHash": "sha256-xB8mKMOx1IA9vTDNLmJZ6n4wCMq/cuWBBOzGCRnqxrU=",
        "owner": "NixOS",
        "repo": "nixpkgs",
        "rev": "8ce4ef6cb6f871616146b9fe26d2a5ae594e94fe",
        "type": "github"
      },
      "original": {
        "owner": "NixOS",
        "ref": "nixos-unstable",
        "repo": "nixpkgs",
        "type": "github"
      }
    },
    "nixpkgs-lib": {
      "locked": {
        "lastModified": 1788057806,
        "narHash": "sha256-DTQSMxzDWmT0zhguthvegnVkn7CFqGCv4IHCzk5ZUpM=",
        "owner": "nix-community",
        "repo": "nixpkgs.lib",
        "rev": "596e2e3940e09b2abbeb03f75fa1828c57fcd72c",
        "type": "github"
      },
      "original": {
        "owner": "nix-community",
        "repo": "nixpkgs.lib",
        "type": "github"
      }
    },
    "nixpkgs-lib_2": {
      "locked": {
        "lastModified": 1788057806,
        "narHash": "sha256-DTQSMxzDWmT0zhguthvegnVkn7CFqGCv4IHCzk5ZUpM=",
        "owner": "nix-community",
        "repo": "nixpkgs.lib",
        "rev": "596e2e3940e09b2abbeb03f75fa1828c57fcd72c",
        "type": "github"
      },
      "original": {
        "owner": "nix-community",
        "repo": "nixpkgs.lib",
        "type": "github"
      }
    },
    "nuschtos-search": {
      "inputs": {
        "flake-utils": "flake-utils",
        "ixx": "ixx",
        "nix-index-database": "nix-index-database_2",
        "nixpkgs": [
          "nixpkgs"
        ]
      },
      "locked": {
        "lastModified": 1788991216,
        "narHash": "sha256-h4mEyipCqnlr0Xa72b+2tYzqPhjGvWdMDLjPgIuwj7c=",
        "owner": "NuschtOS",
        "repo": "search",
        "rev": "2d1ecd2eb24b9e3acafc73385a1779375d5fb3ff",
        "type": "github"
      },
      "original": {
        "owner": "NuschtOS",
        "repo": "search",
        "type": "github"
      }
    },
    "plum": {
      "flake": false,
      "locked": {
        "lastModified": 1778239174,
        "narHash": "sha256-o16OYMjYrLhoo0H9hw7s/VnXAs+vS0OIY29T1v96WDE=",
        "owner": "rime",
        "repo": "plum",
        "rev": "b1be1969f914cc005add4090631b855db00c2591",
        "type": "github"
      },
      "original": {
        "owner": "rime",
        "repo": "plum",
        "type": "github"
      }
    },
    "plum-nix": {
      "inputs": {
        "plum": "plum",
        "rime-emoji": "rime-emoji",
        "rime-essay": "rime-essay",
        "rime-luna-pinyin": "rime-luna-pinyin",
        "rime-prelude": "rime-prelude"
      },
      "locked": {
        "lastModified": 1786104973,
        "narHash": "sha256-dJRlobdi5fHUtWY0phrcdJoABUC84+kxUj5v7tLl/FM=",
        "owner": "Lhcfl",
        "repo": "plum-nix",
        "rev": "659f2bd47ffd4a1771c088940e0a1ebe4166f8cb",
        "type": "github"
      },
      "original": {
        "owner": "Lhcfl",
        "repo": "plum-nix",
        "type": "github"
      }
    },
    "pre-commit": {
      "inputs": {
        "flake-compat": "flake-compat",
        "gitignore": "gitignore",
        "nixpkgs": [
          "lanzaboote",
          "nixpkgs"
        ]
      },
      "locked": {
        "lastModified": 1781733627,
        "narHash": "sha256-U3yTuGBnmXvXoQI3qkpfEDsn9RovQPAjN7ndRco+3u0=",
        "owner": "cachix",
        "repo": "pre-commit-hooks.nix",
        "rev": "3bbec39bc90eadfa031e6f3b77272f3f60803e39",
        "type": "github"
      },
      "original": {
        "owner": "cachix",
        "repo": "pre-commit-hooks.nix",
        "type": "github"
      }
    },
    "rime-emoji": {
      "flake": false,
      "locked": {
        "lastModified": 1774397784,
        "narHash": "sha256-QqHauKSfyi+heseUTQ+gztjkdoSGGfw/jRorFxSiXOo=",
        "owner": "rime",
        "repo": "rime-emoji",
        "rev": "d1dbb424124fc50452a179300c7f287dbcc0db64",
        "type": "github"
      },
      "original": {
        "owner": "rime",
        "repo": "rime-emoji",
        "type": "github"
      }
    },
    "rime-essay": {
      "flake": false,
      "locked": {
        "lastModified": 1783954308,
        "narHash": "sha256-WPutZuxoLQfNk0devhGb2ooAZ7zJt0Ta7OiUtuveJ00=",
        "owner": "rime",
        "repo": "rime-essay",
        "rev": "e9b1a374a6ea015fca5bdd04318924b4483ac35a",
        "type": "github"
      },
      "original": {
        "owner": "rime",
        "repo": "rime-essay",
        "type": "github"
      }
    },
    "rime-luna-pinyin": {
      "flake": false,
      "locked": {
        "lastModified": 1783832515,
        "narHash": "sha256-yXkF2f980Z0OMb39QQHknqodzIj3SyW23NVo+1C2p/s=",
        "owner": "rime",
        "repo": "rime-luna-pinyin",
        "rev": "56b934b099dfbeab842320f13aa8b461a6ab3e42",
        "type": "github"
      },
      "original": {
        "owner": "rime",
        "repo": "rime-luna-pinyin",
        "type": "github"
      }
    },
    "rime-prelude": {
      "flake": false,
      "locked": {
        "lastModified": 1778321827,
        "narHash": "sha256-roHPpaAbsnQgnz6kupMz/kHFQWwshRYojNsdS5iFApI=",
        "owner": "rime",
        "repo": "rime-prelude",
        "rev": "082425ea0684bca36474415d4a0e8db9b016487e",
        "type": "github"
      },
      "original": {
        "owner": "rime",
        "repo": "rime-prelude",
        "type": "github"
      }
    },
    "root": {
      "inputs": {
        "disko": "disko",
        "flake-parts": "flake-parts",
        "home-manager": "home-manager",
        "lanzaboote": "lanzaboote",
        "linquebot_rs": "linquebot_rs",
        "misskey-media-proxy": "misskey-media-proxy",
        "nix-index-database": "nix-index-database",
        "nix-kdl": "nix-kdl",
        "nixpkgs": "nixpkgs",
        "nuschtos-search": "nuschtos-search",
        "plum-nix": "plum-nix",
        "sops-nix": "sops-nix",
        "yazi-everforest-medium": "yazi-everforest-medium",
        "zen-browser": "zen-browser"
      }
    },
    "rust-overlay": {
      "inputs": {
        "nixpkgs": [
          "lanzaboote",
          "nixpkgs"
        ]
      },
      "locked": {
        "lastModified": 1782012058,
        "narHash": "sha256-9mWUnReOUXfKjZuJAL/bAFH3LUyECTRtXgSNVjRw3UY=",
        "owner": "oxalica",
        "repo": "rust-overlay",
        "rev": "8534567325bd8a8d2928e6afd81e0a87d19efd3c",
        "type": "github"
      },
      "original": {
        "owner": "oxalica",
        "repo": "rust-overlay",
        "type": "github"
      }
    },
    "rust-overlay_2": {
      "inputs": {
        "nixpkgs": [
          "linquebot_rs",
          "nixpkgs"
        ]
      },
      "locked": {
        "lastModified": 1789196581,
        "narHash": "sha256-yJr1Bt4fKkKIpPYbsKGqJ0VFdoDnURgRwuffmBQ2WzY=",
        "owner": "oxalica",
        "repo": "rust-overlay",
        "rev": "228ecefb6329d5a531b77b46b581a2f0c26ee056",
        "type": "github"
      },
      "original": {
        "owner": "oxalica",
        "repo": "rust-overlay",
        "type": "github"
      }
    },
    "sops-nix": {
      "inputs": {
        "nixpkgs": [
          "nixpkgs"
        ]
      },
      "locked": {
        "lastModified": 1788914643,
        "narHash": "sha256-4GuMPW90JSxXWDPUB9M+1m7fYbe3H0apOd86/zBQ2Kw=",
        "owner": "Mic92",
        "repo": "sops-nix",
        "rev": "13616fff713a9f94055c66f15687ebdc17a335df",
        "type": "github"
      },
      "original": {
        "owner": "Mic92",
        "repo": "sops-nix",
        "type": "github"
      }
    },
    "systems": {
      "locked": {
        "lastModified": 1681028828,
        "narHash": "sha256-Vy1rq5AaRuLzOxct8nz4T6wlgyUR7zLU309k9mBC768=",
        "owner": "nix-systems",
        "repo": "default",
        "rev": "da67096a3b9bf56a91d16901293e51ba5b49a27e",
        "type": "github"
      },
      "original": {
        "owner": "nix-systems",
        "repo": "default",
        "type": "github"
      }
    },
    "systems_2": {
      "locked": {
        "lastModified": 1681028828,
        "narHash": "sha256-Vy1rq5AaRuLzOxct8nz4T6wlgyUR7zLU309k9mBC768=",
        "owner": "nix-systems",
        "repo": "default",
        "rev": "da67096a3b9bf56a91d16901293e51ba5b49a27e",
        "type": "github"
      },
      "original": {
        "owner": "nix-systems",
        "repo": "default",
        "type": "github"
      }
    },
    "yazi-everforest-medium": {
      "flake": false,
      "locked": {
        "lastModified": 1779665896,
        "narHash": "sha256-2Fx7+xnSsc+aVHBZUtLtVUDEzb1y8BcPBASciKk8x7o=",
        "owner": "Chromium-3-Oxide",
        "repo": "everforest-medium.yazi",
        "rev": "e1ead7b5a3bfc8eb572fd269a369775842752705",
        "type": "github"
      },
      "original": {
        "owner": "Chromium-3-Oxide",
        "repo": "everforest-medium.yazi",
        "type": "github"
      }
    },
    "zen-browser": {
      "inputs": {
        "nixpkgs": [
          "nixpkgs"
        ]
      },
      "locked": {
        "lastModified": 1788682845,
        "narHash": "sha256-E03KyK0Sj+ia+FSy47XC4v9enU1C/lGiW5ZKmcJoI1M=",
        "owner": "youwen5",
        "repo": "zen-browser-flake",
        "rev": "3aadc420e763a8243aedd2ce925ae1dc13663ed9",
        "type": "github"
      },
      "original": {
        "owner": "youwen5",
        "repo": "zen-browser-flake",
        "type": "github"
      }
    }
  },
  "root": "root",
  "version": 7
}
